
Microsoft Visual Studio Solution File, Format Version 12.00
# Visual Studio Version 17
VisualStudioVersion = 17.0.31903.59
MinimumVisualStudioVersion = 10.0.40219.1
Project("{9A19103F-16F7-4668-BE54-9A1E7A4F7556}") = "TheBookshelf", "TheBookshelf\TheBookshelf.csproj", "{46926A11-2E1D-4E91-803B-5EE916538B0D}"
EndProject
Project("{9A19103F-16F7-4668-BE54-9A1E7A4F7556}") = "TheBookshelf.Tests", "TheBookshelf.Tests\TheBookshelf.Tests.csproj", "{B01B8B2C-0089-4C08-9EFE-958E84E67C1A}"
EndProject
Global
	GlobalSection(SolutionConfigurationPlatforms) = preSolution
		Debug|Any CPU = Debug|Any CPU
		Release|Any CPU = Release|Any CPU
	EndGlobalSection
	GlobalSection(ProjectConfigurationPlatforms) = postSolution
		{46926A11-2E1D-4E91-803B-5EE916538B0D}.Debug|Any CPU.ActiveCfg = Debug|Any CPU
		{46926A11-2E1D-4E91-803B-5EE916538B0D}.Debug|Any CPU.Build.0 = Debug|Any CPU
		{46926A11-2E1D-4E91-803B-5EE916538B0D}.Release|Any CPU.ActiveCfg = Release|Any CPU
		{46926A11-2E1D-4E91-803B-5EE916538B0D}.Release|Any CPU.Build.0 = Release|Any CPU
		{B01B8B2C-0089-4C08-9EFE-958E84E67C1A}.Debug|Any CPU.ActiveCfg = Debug|Any CPU
		{B01B8B2C-0089-4C08-9EFE-958E84E67C1A}.Debug|Any CPU.Build.0 = Debug|Any CPU
		{B01B8B2C-0089-4C08-9EFE-958E84E67C1A}.Release|Any CPU.ActiveCfg = Release|Any CPU
		{B01B8B2C-0089-4C08-9EFE-958E84E67C1A}.Release|Any CPU.Build.0 = Release|Any CPU
	EndGlobalSection
	GlobalSection(SolutionProperties) = preSolution
		HideSolutionNode = FALSE
	EndGlobalSection
EndGlobal
